
Microsoft Visual Studio Solution File, Format Version 12.00
# Visual Studio Version 17
VisualStudioVersion = 17.14.36414.22 d17.14
MinimumVisualStudioVersion = 10.0.40219.1
Project("{FAE04EC0-301F-11D3-BF4B-00C04F79EFBC}") = "BibliotecaRest", "BibliotecaRest\BibliotecaRest.csproj", "{7CAA0D11-442F-4EF7-908B-999417ECF9FD}"
EndProject
Project("{FAE04EC0-301F-11D3-BF4B-00C04F79EFBC}") = "BibliotecaRest.Data", "BibliotecaRest.Data\BibliotecaRest.Data.csproj", "{72E75D8F-2F09-456B-8200-9182265BC4E5}"
EndProject
Project("{FAE04EC0-301F-11D3-BF4B-00C04F79EFBC}") = "Biblioteca.Rest.Services", "Biblioteca.Rest.Services\Biblioteca.Rest.Services.csproj", "{55A58A4E-4A78-4368-B6AA-CB7337465665}"
EndProject
Global
	GlobalSection(SolutionConfigurationPlatforms) = preSolution
		Debug|Any CPU = Debug|Any CPU
		Release|Any CPU = Release|Any CPU
	EndGlobalSection
	GlobalSection(ProjectConfigurationPlatforms) = postSolution
		{7CAA0D11-442F-4EF7-908B-999417ECF9FD}.Debug|Any CPU.ActiveCfg = Debug|Any CPU
		{7CAA0D11-442F-4EF7-908B-999417ECF9FD}.Debug|Any CPU.Build.0 = Debug|Any CPU
		{7CAA0D11-442F-4EF7-908B-999417ECF9FD}.Release|Any CPU.ActiveCfg = Release|Any CPU
		{7CAA0D11-442F-4EF7-908B-999417ECF9FD}.Release|Any CPU.Build.0 = Release|Any CPU
		{72E75D8F-2F09-456B-8200-9182265BC4E5}.Debug|Any CPU.ActiveCfg = Debug|Any CPU
		{72E75D8F-2F09-456B-8200-9182265BC4E5}.Debug|Any CPU.Build.0 = Debug|Any CPU
		{72E75D8F-2F09-456B-8200-9182265BC4E5}.Release|Any CPU.ActiveCfg = Release|Any CPU
		{72E75D8F-2F09-456B-8200-9182265BC4E5}.Release|Any CPU.Build.0 = Release|Any CPU
		{55A58A4E-4A78-4368-B6AA-CB7337465665}.Debug|Any CPU.ActiveCfg = Debug|Any CPU
		{55A58A4E-4A78-4368-B6AA-CB7337465665}.Debug|Any CPU.Build.0 = Debug|Any CPU
		{55A58A4E-4A78-4368-B6AA-CB7337465665}.Release|Any CPU.ActiveCfg = Release|Any CPU
		{55A58A4E-4A78-4368-B6AA-CB7337465665}.Release|Any CPU.Build.0 = Release|Any CPU
	EndGlobalSection
	GlobalSection(SolutionProperties) = preSolution
		HideSolutionNode = FALSE
	EndGlobalSection
	GlobalSection(ExtensibilityGlobals) = postSolution
		SolutionGuid = {2C0D4E60-7182-4567-AC93-2E741D4D7946}
	EndGlobalSection
EndGlobal
